uuid: 55de951b-31c2-4563-9aaa-5ccc39b343e2
langcode: en
status: true
dependencies:
  module:
    - patreon_user
  theme:
    - dynastyTW
id: dynastyTW_patreonbecomeapatronblock
theme: dynastyTW
region: footer_menu
weight: -15
provider: null
plugin: patreon_become_block
settings:
  id: patreon_become_block
  label: 'Patreon Become a Patron block'
  label_display: '0'
  provider: patreon_user
  minimum_amount: '0'
  log_user_in: true
visibility: {  }
