uuid: bf69262c-0f95-448a-b617-77143367f55d
langcode: en
status: true
dependencies:
  config:
    - views.view.parent_article
  module:
    - node
    - views
  theme:
    - dynasty_tw
id: dynasty_tw_views_block__parent_article_block
theme: dynasty_tw
region: highlighted
weight: 0
provider: null
plugin: 'views_block:parent_article-block_1'
settings:
  id: 'views_block:parent_article-block_1'
  label: ''
  label_display: '0'
  provider: views
  context_mapping: {  }
  views_label: ''
  items_per_page: null
visibility:
  'entity_bundle:node':
    id: 'entity_bundle:node'
    negate: false
    context_mapping:
      node: '@node.node_route_context:node'
    bundles:
      article: article
