uuid: 2ed194b4-c576-40d2-8146-20169bfd4ba5
langcode: en
status: true
dependencies:
  module:
    - patreon_user
  theme:
    - dynasty
id: patreonbecomeapatronblock
theme: dynasty
region: footer
weight: -13
provider: null
plugin: patreon_become_block
settings:
  id: patreon_become_block
  label: 'Patreon Become a Patron block'
  label_display: '0'
  provider: patreon_user
  minimum_amount: '0'
  log_user_in: true
visibility: {  }
