uuid: 30d84621-f295-4753-a829-671b99fc9590
langcode: en
status: true
dependencies:
  module:
    - system
  theme:
    - dynastyTW
id: dynastyTW_favoritepodcastblock
theme: dynastyTW
region: help
weight: -10
provider: null
plugin: 'block_content:3df58732-07a1-430b-9631-493cb6e57a52'
settings:
  id: 'block_content:3df58732-07a1-430b-9631-493cb6e57a52'
  label: 'Favorite Podcast Block'
  label_display: '0'
  provider: block_content
  status: true
  info: ''
  view_mode: full
visibility:
  request_path:
    id: request_path
    negate: false
    pages: /podcast
