uuid: 7ba3d73c-9caf-465d-9c02-c0c40e7df462
langcode: en
status: true
dependencies:
  content:
    - 'block_content:favorite_podcast_block:3df58732-07a1-430b-9631-493cb6e57a52'
  module:
    - block_content
    - system
  theme:
    - dynasty
id: favoritepodcastblock
theme: dynasty
region: highlighted
weight: -7
provider: null
plugin: 'block_content:3df58732-07a1-430b-9631-493cb6e57a52'
settings:
  id: 'block_content:3df58732-07a1-430b-9631-493cb6e57a52'
  label: 'Favorite Podcast Block'
  provider: block_content
  label_display: '0'
  status: true
  info: ''
  view_mode: full
visibility:
  request_path:
    id: request_path
    pages: /podcast
    negate: false
