uuid: 8b7c0acd-6e0c-43ea-8053-3e96dc57a9e6
langcode: en
status: true
dependencies:
  module:
    - dynasty_module
    - system
  theme:
    - dynasty
id: latestpodcastblock
theme: dynasty
region: highlighted
weight: -9
provider: null
plugin: latest_podcast_block
settings:
  id: latest_podcast_block
  label: 'Latest Podcast Block'
  provider: dynasty_module
  label_display: '0'
visibility:
  request_path:
    id: request_path
    pages: /podcast
    negate: false
