uuid: 9911709f-6c95-414b-a5ff-91db335d7350
langcode: en
status: true
dependencies:
  config:
    - views.view.player_jersey_number
  module:
    - node
    - views
  theme:
    - dynasty_tw
id: dynasty_tw_player_jersey_number_block
theme: dynasty_tw
region: highlighted
weight: -12
provider: null
plugin: 'views_block:player_jersey_number-block_1'
settings:
  id: 'views_block:player_jersey_number-block_1'
  label: ''
  label_display: '0'
  provider: views
  views_label: ''
  items_per_page: null
  context_mapping: {  }
visibility:
  'entity_bundle:node':
    id: 'entity_bundle:node'
    negate: false
    context_mapping:
      node: '@node.node_route_context:node'
    bundles:
      player: player
