uuid: c7c7846b-6d39-49d0-8386-d744501cefe9
langcode: en
status: true
dependencies:
  module:
    - facets_block
    - system
  theme:
    - dynasty_admin
id: dynasty_admin_facetsblock
theme: dynasty_admin
region: sidebar_first
weight: -10
provider: null
plugin: facets_block
settings:
  id: facets_block
  label: 'Play Search Filters'
  label_display: '0'
  provider: facets_block
  show_title: true
  exclude_empty_facets: true
  hide_empty_block: false
  facets_to_include:
    'facet_block:player_s_involved': 'facet_block:player_s_involved'
    'facet_block:play_type': 'facet_block:play_type'
    'facet_block:opponent': 'facet_block:opponent'
    'facet_block:td_scored': 'facet_block:td_scored'
    'facet_block:yards_gained': 'facet_block:yards_gained'
    'facet_block:air_yards': 'facet_block:air_yards'
    'facet_block:down': 'facet_block:down'
    'facet_block:quarter': 'facet_block:quarter'
    'facet_block:play_season': 'facet_block:play_season'
    'facet_block:week': 'facet_block:week'
    'facet_block:play_tag': 'facet_block:play_tag'
    'facet_block:game_opponent': '0'
    'facet_block:game_opposing_coach': '0'
    'facet_block:game_home_away': '0'
    'facet_block:game_season': '0'
    'facet_block:game_opp_score': '0'
    'facet_block:game_pats_score': '0'
    'facet_block:score_differential': '0'
    'facet_block:player_play_type': '0'
    'facet_block:game_week': '0'
    'facet_block:player_opponent': '0'
    'facet_block:after_bye_we': '0'
    'facet_block:podcast_season': '0'
    'facet_block:player_td_scored': '0'
    'facet_block:overtime': '0'
    'facet_block:player_yards_gained': '0'
    'facet_block:player_quarter': '0'
    'facet_block:player_down': '0'
    'facet_block:podcast_opponent': '0'
    'facet_block:brady_era_game': '0'
    'facet_block:player_season': '0'
    'facet_block:playoff': '0'
    'facet_block:player_week': '0'
    'facet_block:temperature': '0'
    'facet_block:starting_qb': '0'
    'facet_block:qb_comp': '0'
    'facet_block:qb_att': '0'
    'facet_block:qb_tds': '0'
    'facet_block:qb_ints': '0'
  add_js_classes: true
visibility:
  request_path:
    id: request_path
    negate: false
    pages: /search/plays
