uuid: 5cc10c3e-c0c3-4a2d-91c8-0019f8c62214
langcode: en
status: true
dependencies:
  module:
    - patreon_user
  theme:
    - dynasty_tw
id: dynasty_tw_patreonuserblock
theme: dynasty_tw
region: footer_menu
weight: -14
provider: null
plugin: patreon_user_block
settings:
  id: patreon_user_block
  label: 'Patreon user block'
  label_display: '0'
  provider: patreon_user
visibility: {  }
