uuid: de4751e4-3d3b-4aa8-b80f-2ea984df3c62
langcode: en
status: true
dependencies:
  module:
    - patreon_user
  theme:
    - dynasty_tw
id: dynastyTW_patreonuserblock
theme: dynasty_tw
region: footer_menu
weight: -14
provider: null
plugin: patreon_user_block
settings:
  id: patreon_user_block
  label: 'Patreon user block'
  label_display: '0'
  provider: patreon_user
visibility: {  }
