uuid: ebaa9a83-459d-4db4-b6ae-10621467231a
langcode: en
status: true
dependencies:
  module:
    - patreon_user
  theme:
    - dynasty
id: patreonuserblock
theme: dynasty
region: footer
weight: -12
provider: null
plugin: patreon_user_block
settings:
  id: patreon_user_block
  label: 'Patreon user block'
  label_display: '0'
  provider: patreon_user
visibility: {  }
