uuid: 02d0bcbd-d30a-416b-8420-4fbc69ff0f25
langcode: en
status: true
dependencies:
  module:
    - facets_block
    - system
  theme:
    - dynasty_tw
id: dynasty_tw_facetsblock
theme: dynasty_tw
region: sidebar_first
weight: -11
provider: null
plugin: facets_block
settings:
  id: facets_block
  label: 'Play Search Filters'
  label_display: '0'
  provider: facets_block
  show_title: true
  exclude_empty_facets: true
  hide_empty_block: false
  facets_to_include:
    - 'facet_block:player_s_involved'
    - 'facet_block:play_type'
    - 'facet_block:opponent'
    - 'facet_block:td_scored'
    - 'facet_block:yards_gained'
    - 'facet_block:air_yards'
    - 'facet_block:down'
    - 'facet_block:quarter'
    - 'facet_block:play_season'
    - 'facet_block:week'
    - 'facet_block:play_tag'
  add_js_classes: true
visibility:
  request_path:
    id: request_path
    negate: false
    pages: /search/plays
