uuid: 214036c3-2c62-49ef-aa4e-3dc4d1479c11
langcode: en
status: true
dependencies:
  config:
    - views.view.player_page_highlight_search
  module:
    - node
    - views
  theme:
    - dynasty
id: player_page_highlight_search_block
theme: dynasty
region: content
weight: -6
provider: null
plugin: 'views_block:player_page_highlight_search-block_1'
settings:
  id: 'views_block:player_page_highlight_search-block_1'
  label: ''
  label_display: '0'
  provider: views
  views_label: ''
  items_per_page: none
visibility:
  'entity_bundle:node':
    id: 'entity_bundle:node'
    negate: false
    context_mapping:
      node: '@node.node_route_context:node'
    bundles:
      player: player
