uuid: f8f12010-55fb-4a59-a21b-2e42809d2904
langcode: en
status: true
dependencies:
  module:
    - pager
  theme:
    - dynasty
id: pagerblock
theme: dynasty
region: content
weight: -4
provider: null
plugin: pager
settings:
  id: pager
  label: 'Pager Block'
  provider: pager
  label_display: '0'
  behavior: loop
  field: field_image
  style: large
  terms:
    - 19
    - 20
    - 21
    - 22
    - 23
    - 24
    - 25
    - 26
    - 27
    - 28
    - 29
    - 30
    - 31
    - 32
    - 33
    - 34
    - 35
    - 36
    - 37
    - 38
    - 39
  txt_next: 'Next Game'
  txt_prev: 'Previous Game'
  types:
    game: game
  direction: forward
  interm: 0
  theme: pager_block
visibility: {  }
