uuid: b9eefc90-55ff-42b7-9a7b-3412e81e13e1
langcode: en
status: true
dependencies:
  content:
    - 'block_content:basic:dfb1fb38-8180-445f-ae0a-a7ff50b637a3'
  module:
    - block_content
    - system
  theme:
    - dynasty
id: podcastintroblock
theme: dynasty
region: highlighted
weight: -8
provider: null
plugin: 'block_content:dfb1fb38-8180-445f-ae0a-a7ff50b637a3'
settings:
  id: 'block_content:dfb1fb38-8180-445f-ae0a-a7ff50b637a3'
  label: 'Podcast Intro Block'
  provider: block_content
  label_display: '0'
  status: true
  info: ''
  view_mode: full
visibility:
  request_path:
    id: request_path
    pages: /podcast
    negate: false
