uuid: a2aa64b0-5b68-4810-a7bb-a5a1cd7e16b1
langcode: en
status: true
dependencies:
  config:
    - field.storage.paragraph.field_block
    - paragraphs.paragraphs_type.block
  module:
    - block_field
id: paragraph.block.field_block
field_name: field_block
entity_type: paragraph
bundle: block
label: Block
description: ''
required: false
translatable: false
default_value: {  }
default_value_callback: ''
settings:
  selection: blocks
  selection_settings:
    plugin_ids:
      'configurable_views_filter_block_block:top_plays-block_1': 'configurable_views_filter_block_block:top_plays-block_1'
      'block_content:3df58732-07a1-430b-9631-493cb6e57a52': 'block_content:3df58732-07a1-430b-9631-493cb6e57a52'
      brady_td_viz: brady_td_viz
      brady_total_tds: brady_total_tds
      latest_podcast_block: latest_podcast_block
      link_buttons_block: link_buttons_block
      on_this_day_block: on_this_day_block
      player_select_block: player_select_block
      record_vs_nfl: record_vs_nfl
      season_game_block: season_game_block
      season_select_block: season_select_block
      top_10_podcast_block: top_10_podcast_block
      total_podcast_downloads_block: total_podcast_downloads_block
      facets_block: facets_block
      'views_block:podcast_search-block_1': 'views_block:podcast_search-block_1'
      'views_block:podcast_transcript_search-block_1': 'views_block:podcast_transcript_search-block_1'
      'views_block:random_highlight-block_1': 'views_block:random_highlight-block_1'
      'views_block:top_plays-block_2': 'views_block:top_plays-block_2'
      'views_block:top_plays-block_3': 'views_block:top_plays-block_3'
      'views_block:top_plays-block_4': 'views_block:top_plays-block_4'
      'views_block:top_plays-block_1': 'views_block:top_plays-block_1'
      'views_block:top_plays-block_6': 'views_block:top_plays-block_6'
      'views_block:top_plays-block_5': 'views_block:top_plays-block_5'
      'system_menu_block:brady-page-menu': 'system_menu_block:brady-page-menu'
      patreon_become_block: patreon_become_block
      patreon_user_block: patreon_user_block
      'views_exposed_filter_block:game_search-page_1': 'views_exposed_filter_block:game_search-page_1'
      'views_exposed_filter_block:highlight_search-page_1': 'views_exposed_filter_block:highlight_search-page_1'
      'views_exposed_filter_block:podcast_search-block_1': 'views_exposed_filter_block:podcast_search-block_1'
      'views_exposed_filter_block:podcast_search-page_1': 'views_exposed_filter_block:podcast_search-page_1'
field_type: block_field
