uuid: 9ff4d7ea-02c0-4f33-b11e-534e6ad30ee3
langcode: en
status: true
dependencies:
  config:
    - block_content.type.favorite_podcast_block
id: block_content.favorite_podcast_block
target_entity_type_id: block_content
target_bundle: favorite_podcast_block
default_langcode: site_default
language_alterable: false
